
Microsoft Visual Studio Solution File, Format Version 12.00
# Visual Studio Version 16
VisualStudioVersion = 16.0.29509.3
MinimumVisualStudioVersion = 10.0.40219.1
Project("{9A19103F-16F7-4668-BE54-9A1E7A4F7556}") = "StatisticCollector", "StatisticCollector.csproj", "{BE984F51-474D-46CA-A1E1-8E356A3FF60C}"
EndProject
Global
	GlobalSection(SolutionConfigurationPlatforms) = preSolution
		Debug|Any CPU = Debug|Any CPU
		Release|Any CPU = Release|Any CPU
	EndGlobalSection
	GlobalSection(ProjectConfigurationPlatforms) = postSolution
		{BE984F51-474D-46CA-A1E1-8E356A3FF60C}.Debug|Any CPU.ActiveCfg = Debug|Any CPU
		{BE984F51-474D-46CA-A1E1-8E356A3FF60C}.Debug|Any CPU.Build.0 = Debug|Any CPU
		{BE984F51-474D-46CA-A1E1-8E356A3FF60C}.Release|Any CPU.ActiveCfg = Release|Any CPU
		{BE984F51-474D-46CA-A1E1-8E356A3FF60C}.Release|Any CPU.Build.0 = Release|Any CPU
	EndGlobalSection
	GlobalSection(SolutionProperties) = preSolution
		HideSolutionNode = FALSE
	EndGlobalSection
	GlobalSection(ExtensibilityGlobals) = postSolution
		SolutionGuid = {22A2F730-C81C-45D8-8ADE-2DC678D24C0D}
	EndGlobalSection
EndGlobal
